
Microsoft Visual Studio Solution File, Format Version 12.00
# Visual Studio Version 17
VisualStudioVersion = 17.9.34616.47
MinimumVisualStudioVersion = 10.0.40219.1
Project("{FAE04EC0-301F-11D3-BF4B-00C04F79EFBC}") = "Grid_exercise_mosh.Android", "Grid_exercise_mosh\Grid_exercise_mosh.Android\Grid_exercise_mosh.Android.csproj", "{9CA04D91-38CD-40AA-B8F6-C71C77BE9557}"
EndProject
Project("{FAE04EC0-301F-11D3-BF4B-00C04F79EFBC}") = "Grid_exercise_mosh.iOS", "Grid_exercise_mosh\Grid_exercise_mosh.iOS\Grid_exercise_mosh.iOS.csproj", "{B7727720-3B56-48FB-A2D8-43953FD24717}"
EndProject
Project("{FAE04EC0-301F-11D3-BF4B-00C04F79EFBC}") = "Grid_exercise_mosh", "Grid_exercise_mosh\Grid_exercise_mosh\Grid_exercise_mosh.csproj", "{B9D435B3-2418-4628-A5DD-B2DD463845A1}"
EndProject
Global
	GlobalSection(SolutionConfigurationPlatforms) = preSolution
		Debug|Any CPU = Debug|Any CPU
		Debug|iPhone = Debug|iPhone
		Debug|iPhoneSimulator = Debug|iPhoneSimulator
		Release|Any CPU = Release|Any CPU
		Release|iPhone = Release|iPhone
		Release|iPhoneSimulator = Release|iPhoneSimulator
	EndGlobalSection
	GlobalSection(ProjectConfigurationPlatforms) = postSolution
		{9CA04D91-38CD-40AA-B8F6-C71C77BE9557}.Debug|Any CPU.ActiveCfg = Debug|Any CPU
		{9CA04D91-38CD-40AA-B8F6-C71C77BE9557}.Debug|Any CPU.Build.0 = Debug|Any CPU
		{9CA04D91-38CD-40AA-B8F6-C71C77BE9557}.Debug|Any CPU.Deploy.0 = Debug|Any CPU
		{9CA04D91-38CD-40AA-B8F6-C71C77BE9557}.Debug|iPhone.ActiveCfg = Debug|Any CPU
		{9CA04D91-38CD-40AA-B8F6-C71C77BE9557}.Debug|iPhone.Build.0 = Debug|Any CPU
		{9CA04D91-38CD-40AA-B8F6-C71C77BE9557}.Debug|iPhone.Deploy.0 = Debug|Any CPU
		{9CA04D91-38CD-40AA-B8F6-C71C77BE9557}.Debug|iPhoneSimulator.ActiveCfg = Debug|Any CPU
		{9CA04D91-38CD-40AA-B8F6-C71C77BE9557}.Debug|iPhoneSimulator.Build.0 = Debug|Any CPU
		{9CA04D91-38CD-40AA-B8F6-C71C77BE9557}.Debug|iPhoneSimulator.Deploy.0 = Debug|Any CPU
		{9CA04D91-38CD-40AA-B8F6-C71C77BE9557}.Release|Any CPU.ActiveCfg = Release|Any CPU
		{9CA04D91-38CD-40AA-B8F6-C71C77BE9557}.Release|Any CPU.Build.0 = Release|Any CPU
		{9CA04D91-38CD-40AA-B8F6-C71C77BE9557}.Release|Any CPU.Deploy.0 = Release|Any CPU
		{9CA04D91-38CD-40AA-B8F6-C71C77BE9557}.Release|iPhone.ActiveCfg = Release|Any CPU
		{9CA04D91-38CD-40AA-B8F6-C71C77BE9557}.Release|iPhone.Build.0 = Release|Any CPU
		{9CA04D91-38CD-40AA-B8F6-C71C77BE9557}.Release|iPhone.Deploy.0 = Release|Any CPU
		{9CA04D91-38CD-40AA-B8F6-C71C77BE9557}.Release|iPhoneSimulator.ActiveCfg = Release|Any CPU
		{9CA04D91-38CD-40AA-B8F6-C71C77BE9557}.Release|iPhoneSimulator.Build.0 = Release|Any CPU
		{9CA04D91-38CD-40AA-B8F6-C71C77BE9557}.Release|iPhoneSimulator.Deploy.0 = Release|Any CPU
		{B7727720-3B56-48FB-A2D8-43953FD24717}.Debug|Any CPU.ActiveCfg = Debug|iPhone
		{B7727720-3B56-48FB-A2D8-43953FD24717}.Debug|Any CPU.Build.0 = Debug|iPhone
		{B7727720-3B56-48FB-A2D8-43953FD24717}.Debug|Any CPU.Deploy.0 = Debug|iPhone
		{B7727720-3B56-48FB-A2D8-43953FD24717}.Debug|iPhone.ActiveCfg = Debug|iPhone
		{B7727720-3B56-48FB-A2D8-43953FD24717}.Debug|iPhone.Build.0 = Debug|iPhone
		{B7727720-3B56-48FB-A2D8-43953FD24717}.Debug|iPhone.Deploy.0 = Debug|iPhone
		{B7727720-3B56-48FB-A2D8-43953FD24717}.Debug|iPhoneSimulator.ActiveCfg = Debug|iPhoneSimulator
		{B7727720-3B56-48FB-A2D8-43953FD24717}.Debug|iPhoneSimulator.Build.0 = Debug|iPhoneSimulator
		{B7727720-3B56-48FB-A2D8-43953FD24717}.Debug|iPhoneSimulator.Deploy.0 = Debug|iPhoneSimulator
		{B7727720-3B56-48FB-A2D8-43953FD24717}.Release|Any CPU.ActiveCfg = Release|iPhoneSimulator
		{B7727720-3B56-48FB-A2D8-43953FD24717}.Release|Any CPU.Build.0 = Release|iPhoneSimulator
		{B7727720-3B56-48FB-A2D8-43953FD24717}.Release|Any CPU.Deploy.0 = Release|iPhoneSimulator
		{B7727720-3B56-48FB-A2D8-43953FD24717}.Release|iPhone.ActiveCfg = Release|iPhone
		{B7727720-3B56-48FB-A2D8-43953FD24717}.Release|iPhone.Build.0 = Release|iPhone
		{B7727720-3B56-48FB-A2D8-43953FD24717}.Release|iPhone.Deploy.0 = Release|iPhone
		{B7727720-3B56-48FB-A2D8-43953FD24717}.Release|iPhoneSimulator.ActiveCfg = Release|iPhoneSimulator
		{B7727720-3B56-48FB-A2D8-43953FD24717}.Release|iPhoneSimulator.Build.0 = Release|iPhoneSimulator
		{B7727720-3B56-48FB-A2D8-43953FD24717}.Release|iPhoneSimulator.Deploy.0 = Release|iPhoneSimulator
		{B9D435B3-2418-4628-A5DD-B2DD463845A1}.Debug|Any CPU.ActiveCfg = Debug|Any CPU
		{B9D435B3-2418-4628-A5DD-B2DD463845A1}.Debug|Any CPU.Build.0 = Debug|Any CPU
		{B9D435B3-2418-4628-A5DD-B2DD463845A1}.Debug|Any CPU.Deploy.0 = Debug|Any CPU
		{B9D435B3-2418-4628-A5DD-B2DD463845A1}.Debug|iPhone.ActiveCfg = Debug|Any CPU
		{B9D435B3-2418-4628-A5DD-B2DD463845A1}.Debug|iPhone.Build.0 = Debug|Any CPU
		{B9D435B3-2418-4628-A5DD-B2DD463845A1}.Debug|iPhone.Deploy.0 = Debug|Any CPU
		{B9D435B3-2418-4628-A5DD-B2DD463845A1}.Debug|iPhoneSimulator.ActiveCfg = Debug|Any CPU
		{B9D435B3-2418-4628-A5DD-B2DD463845A1}.Debug|iPhoneSimulator.Build.0 = Debug|Any CPU
		{B9D435B3-2418-4628-A5DD-B2DD463845A1}.Debug|iPhoneSimulator.Deploy.0 = Debug|Any CPU
		{B9D435B3-2418-4628-A5DD-B2DD463845A1}.Release|Any CPU.ActiveCfg = Release|Any CPU
		{B9D435B3-2418-4628-A5DD-B2DD463845A1}.Release|Any CPU.Build.0 = Release|Any CPU
		{B9D435B3-2418-4628-A5DD-B2DD463845A1}.Release|Any CPU.Deploy.0 = Release|Any CPU
		{B9D435B3-2418-4628-A5DD-B2DD463845A1}.Release|iPhone.ActiveCfg = Release|Any CPU
		{B9D435B3-2418-4628-A5DD-B2DD463845A1}.Release|iPhone.Build.0 = Release|Any CPU
		{B9D435B3-2418-4628-A5DD-B2DD463845A1}.Release|iPhone.Deploy.0 = Release|Any CPU
		{B9D435B3-2418-4628-A5DD-B2DD463845A1}.Release|iPhoneSimulator.ActiveCfg = Release|Any CPU
		{B9D435B3-2418-4628-A5DD-B2DD463845A1}.Release|iPhoneSimulator.Build.0 = Release|Any CPU
		{B9D435B3-2418-4628-A5DD-B2DD463845A1}.Release|iPhoneSimulator.Deploy.0 = Release|Any CPU
	EndGlobalSection
	GlobalSection(SolutionProperties) = preSolution
		HideSolutionNode = FALSE
	EndGlobalSection
	GlobalSection(ExtensibilityGlobals) = postSolution
		SolutionGuid = {EE189E1E-E772-4AC5-B54B-417BB1B94476}
	EndGlobalSection
EndGlobal
